
Microsoft Visual Studio Solution File, Format Version 12.00
# Visual Studio Version 16
VisualStudioVersion = 16.0.31402.337
MinimumVisualStudioVersion = 10.0.40219.1
Project("{FAE04EC0-301F-11D3-BF4B-00C04F79EFBC}") = "MoviesExample", "MoviesExample\MoviesExample.csproj", "{61049D6F-8FCA-4F6B-989A-B4B19CC3D4C7}"
EndProject
Global
	GlobalSection(SolutionConfigurationPlatforms) = preSolution
		Debug|Any CPU = Debug|Any CPU
		Release|Any CPU = Release|Any CPU
	EndGlobalSection
	GlobalSection(ProjectConfigurationPlatforms) = postSolution
		{61049D6F-8FCA-4F6B-989A-B4B19CC3D4C7}.Debug|Any CPU.ActiveCfg = Debug|Any CPU
		{61049D6F-8FCA-4F6B-989A-B4B19CC3D4C7}.Debug|Any CPU.Build.0 = Debug|Any CPU
		{61049D6F-8FCA-4F6B-989A-B4B19CC3D4C7}.Release|Any CPU.ActiveCfg = Release|Any CPU
		{61049D6F-8FCA-4F6B-989A-B4B19CC3D4C7}.Release|Any CPU.Build.0 = Release|Any CPU
	EndGlobalSection
	GlobalSection(SolutionProperties) = preSolution
		HideSolutionNode = FALSE
	EndGlobalSection
	GlobalSection(ExtensibilityGlobals) = postSolution
		SolutionGuid = {28345338-28CB-4F6F-9657-2BFADF85D58B}
	EndGlobalSection
EndGlobal
