
Microsoft Visual Studio Solution File, Format Version 12.00
# Visual Studio Version 16
VisualStudioVersion = 16.0.31402.337
MinimumVisualStudioVersion = 10.0.40219.1
Project("{9A19103F-16F7-4668-BE54-9A1E7A4F7556}") = "SingleResponsibilityPrinciple", "SingleResponsibilityPrinciple\SingleResponsibilityPrinciple.csproj", "{FC219C2B-F2DD-4968-800A-7BE11DB729AE}"
EndProject
Project("{FAE04EC0-301F-11D3-BF4B-00C04F79EFBC}") = "OpenClosedPrinciple", "OpenClosedPrinciple\OpenClosedPrinciple.csproj", "{40688D24-6311-4689-A8F8-017B947DD65F}"
EndProject
Project("{FAE04EC0-301F-11D3-BF4B-00C04F79EFBC}") = "LiskovSubstitutionPrinciple", "LiskovSubstitutionPrinciple\LiskovSubstitutionPrinciple.csproj", "{3EC18D73-1302-401E-8BFF-26B2EACD9503}"
EndProject
Project("{FAE04EC0-301F-11D3-BF4B-00C04F79EFBC}") = "InterfaceSegregationPrinciple", "InterfaceSegregationPrinciple\InterfaceSegregationPrinciple.csproj", "{71984170-1AA4-4559-AD8A-3816D43DF410}"
EndProject
Project("{FAE04EC0-301F-11D3-BF4B-00C04F79EFBC}") = "DependencyInversionPrinciple", "DependencyInversionPrinciple\DependencyInversionPrinciple.csproj", "{5CC3D0E5-FF71-4427-A6E9-53FEFB9ADEB4}"
EndProject
Global
	GlobalSection(SolutionConfigurationPlatforms) = preSolution
		Debug|Any CPU = Debug|Any CPU
		Release|Any CPU = Release|Any CPU
	EndGlobalSection
	GlobalSection(ProjectConfigurationPlatforms) = postSolution
		{FC219C2B-F2DD-4968-800A-7BE11DB729AE}.Debug|Any CPU.ActiveCfg = Debug|Any CPU
		{FC219C2B-F2DD-4968-800A-7BE11DB729AE}.Debug|Any CPU.Build.0 = Debug|Any CPU
		{FC219C2B-F2DD-4968-800A-7BE11DB729AE}.Release|Any CPU.ActiveCfg = Release|Any CPU
		{FC219C2B-F2DD-4968-800A-7BE11DB729AE}.Release|Any CPU.Build.0 = Release|Any CPU
		{40688D24-6311-4689-A8F8-017B947DD65F}.Debug|Any CPU.ActiveCfg = Debug|Any CPU
		{40688D24-6311-4689-A8F8-017B947DD65F}.Debug|Any CPU.Build.0 = Debug|Any CPU
		{40688D24-6311-4689-A8F8-017B947DD65F}.Release|Any CPU.ActiveCfg = Release|Any CPU
		{40688D24-6311-4689-A8F8-017B947DD65F}.Release|Any CPU.Build.0 = Release|Any CPU
		{3EC18D73-1302-401E-8BFF-26B2EACD9503}.Debug|Any CPU.ActiveCfg = Debug|Any CPU
		{3EC18D73-1302-401E-8BFF-26B2EACD9503}.Debug|Any CPU.Build.0 = Debug|Any CPU
		{3EC18D73-1302-401E-8BFF-26B2EACD9503}.Release|Any CPU.ActiveCfg = Release|Any CPU
		{3EC18D73-1302-401E-8BFF-26B2EACD9503}.Release|Any CPU.Build.0 = Release|Any CPU
		{71984170-1AA4-4559-AD8A-3816D43DF410}.Debug|Any CPU.ActiveCfg = Debug|Any CPU
		{71984170-1AA4-4559-AD8A-3816D43DF410}.Debug|Any CPU.Build.0 = Debug|Any CPU
		{71984170-1AA4-4559-AD8A-3816D43DF410}.Release|Any CPU.ActiveCfg = Release|Any CPU
		{71984170-1AA4-4559-AD8A-3816D43DF410}.Release|Any CPU.Build.0 = Release|Any CPU
		{5CC3D0E5-FF71-4427-A6E9-53FEFB9ADEB4}.Debug|Any CPU.ActiveCfg = Debug|Any CPU
		{5CC3D0E5-FF71-4427-A6E9-53FEFB9ADEB4}.Debug|Any CPU.Build.0 = Debug|Any CPU
		{5CC3D0E5-FF71-4427-A6E9-53FEFB9ADEB4}.Release|Any CPU.ActiveCfg = Release|Any CPU
		{5CC3D0E5-FF71-4427-A6E9-53FEFB9ADEB4}.Release|Any CPU.Build.0 = Release|Any CPU
	EndGlobalSection
	GlobalSection(SolutionProperties) = preSolution
		HideSolutionNode = FALSE
	EndGlobalSection
	GlobalSection(ExtensibilityGlobals) = postSolution
		SolutionGuid = {32438DC8-D2E8-4C2B-924D-1DE900622B13}
	EndGlobalSection
EndGlobal
