
Microsoft Visual Studio Solution File, Format Version 12.00
# Visual Studio Version 16
VisualStudioVersion = 16.0.31402.337
MinimumVisualStudioVersion = 10.0.40219.1
Project("{FAE04EC0-301F-11D3-BF4B-00C04F79EFBC}") = "DIDemoAPI", "DIDemoAPI\DIDemoAPI.csproj", "{985FFDFF-1E24-4548-9C8A-CE6B548DFFDA}"
EndProject
Global
	GlobalSection(SolutionConfigurationPlatforms) = preSolution
		Debug|Any CPU = Debug|Any CPU
		Release|Any CPU = Release|Any CPU
	EndGlobalSection
	GlobalSection(ProjectConfigurationPlatforms) = postSolution
		{985FFDFF-1E24-4548-9C8A-CE6B548DFFDA}.Debug|Any CPU.ActiveCfg = Debug|Any CPU
		{985FFDFF-1E24-4548-9C8A-CE6B548DFFDA}.Debug|Any CPU.Build.0 = Debug|Any CPU
		{985FFDFF-1E24-4548-9C8A-CE6B548DFFDA}.Release|Any CPU.ActiveCfg = Release|Any CPU
		{985FFDFF-1E24-4548-9C8A-CE6B548DFFDA}.Release|Any CPU.Build.0 = Release|Any CPU
	EndGlobalSection
	GlobalSection(SolutionProperties) = preSolution
		HideSolutionNode = FALSE
	EndGlobalSection
	GlobalSection(ExtensibilityGlobals) = postSolution
		SolutionGuid = {D960B069-F80D-404B-9DDB-8072D9AFAD14}
	EndGlobalSection
EndGlobal
